
Microsoft Visual Studio Solution File, Format Version 12.00
# Visual Studio Version 17
VisualStudioVersion = 17.7.34031.279
MinimumVisualStudioVersion = 10.0.40219.1
Project("{FAE04EC0-301F-11D3-BF4B-00C04F79EFBC}") = "Sumatoria de 8 dig C#", "Sumatoria de 8 dig C#\Sumatoria de 8 dig C#.csproj", "{AE0F5A63-96B1-4FB7-8731-CF694317B350}"
EndProject
Global
	GlobalSection(SolutionConfigurationPlatforms) = preSolution
		Debug|Any CPU = Debug|Any CPU
		Release|Any CPU = Release|Any CPU
	EndGlobalSection
	GlobalSection(ProjectConfigurationPlatforms) = postSolution
		{AE0F5A63-96B1-4FB7-8731-CF694317B350}.Debug|Any CPU.ActiveCfg = Debug|Any CPU
		{AE0F5A63-96B1-4FB7-8731-CF694317B350}.Debug|Any CPU.Build.0 = Debug|Any CPU
		{AE0F5A63-96B1-4FB7-8731-CF694317B350}.Release|Any CPU.ActiveCfg = Release|Any CPU
		{AE0F5A63-96B1-4FB7-8731-CF694317B350}.Release|Any CPU.Build.0 = Release|Any CPU
	EndGlobalSection
	GlobalSection(SolutionProperties) = preSolution
		HideSolutionNode = FALSE
	EndGlobalSection
	GlobalSection(ExtensibilityGlobals) = postSolution
		SolutionGuid = {8E814AF3-3074-40E3-AF43-DE0D8BE814C0}
	EndGlobalSection
EndGlobal
